// !$*UTF8*$!
{
	archiveVersion = 1;
	classes = {
	};
	objectVersion = 51;
	objects = {

/* Begin PBXBuildFile section */
		79FC1956DB3E208A367A4808 /* Pods_BeautyManager.framework in Frameworks */ = {isa = PBXBuildFile; fileRef = DEB9439D508EB3C6072949A8 /* Pods_BeautyManager.framework */; };
		D40200FC265D66F700E81B16 /* UIImage+Ext.swift in Sources */ = {isa = PBXBuildFile; fileRef = D40200FB265D66F700E81B16 /* UIImage+Ext.swift */; };
		D409B97C26524FBF008667C0 /* ProductManager.swift in Sources */ = {isa = PBXBuildFile; fileRef = D409B97B26524FBF008667C0 /* ProductManager.swift */; };
		D42BB305264D264700B079FE /* MyListTableViewCell.swift in Sources */ = {isa = PBXBuildFile; fileRef = D42BB304264D264700B079FE /* MyListTableViewCell.swift */; };
		D4332803265414FE00915F85 /* ExpiryDateViewController.swift in Sources */ = {isa = PBXBuildFile; fileRef = D4332802265414FE00915F85 /* ExpiryDateViewController.swift */; };
		D43328062654208E00915F85 /* ExpiryDateTableViewCell.swift in Sources */ = {isa = PBXBuildFile; fileRef = D43328052654208E00915F85 /* ExpiryDateTableViewCell.swift */; };
		D4914D69265CF87200C0B266 /* ExchangeViewController.swift in Sources */ = {isa = PBXBuildFile; fileRef = D4914D68265CF87200C0B266 /* ExchangeViewController.swift */; };
		D4914D6C265CF89500C0B266 /* ExchangeTableViewCell.swift in Sources */ = {isa = PBXBuildFile; fileRef = D4914D6B265CF89500C0B266 /* ExchangeTableViewCell.swift */; };
		D49A2FFD264CC52500C84BB9 /* AppDelegate.swift in Sources */ = {isa = PBXBuildFile; fileRef = D49A2FFC264CC52500C84BB9 /* AppDelegate.swift */; };
		D49A2FFF264CC52500C84BB9 /* SceneDelegate.swift in Sources */ = {isa = PBXBuildFile; fileRef = D49A2FFE264CC52500C84BB9 /* SceneDelegate.swift */; };
		D49A3001264CC52500C84BB9 /* MyListViewController.swift in Sources */ = {isa = PBXBuildFile; fileRef = D49A3000264CC52500C84BB9 /* MyListViewController.swift */; };
		D49A3004264CC52500C84BB9 /* Main.storyboard in Resources */ = {isa = PBXBuildFile; fileRef = D49A3002264CC52500C84BB9 /* Main.storyboard */; };
		D49A3006264CC52500C84BB9 /* Assets.xcassets in Resources */ = {isa = PBXBuildFile; fileRef = D49A3005264CC52500C84BB9 /* Assets.xcassets */; };
		D49A3009264CC52500C84BB9 /* LaunchScreen.storyboard in Resources */ = {isa = PBXBuildFile; fileRef = D49A3007264CC52500C84BB9 /* LaunchScreen.storyboard */; };
		D49A3017264CCD4400C84BB9 /* GoogleService-Info.plist in Resources */ = {isa = PBXBuildFile; fileRef = D49A3016264CCD4400C84BB9 /* GoogleService-Info.plist */; };
		D4FB4081264E5140000AB82A /* ProductDetailViewController.swift in Sources */ = {isa = PBXBuildFile; fileRef = D4FB4080264E5140000AB82A /* ProductDetailViewController.swift */; };
/* End PBXBuildFile section */

/* Begin PBXFileReference section */
		49BFB4C618A4DEFA0EC3DB1F /* Pods-BeautyManager.debug.xcconfig */ = {isa = PBXFileReference; includeInIndex = 1; lastKnownFileType = text.xcconfig; name = "Pods-BeautyManager.debug.xcconfig"; path = "Target Support Files/Pods-BeautyManager/Pods-BeautyManager.debug.xcconfig"; sourceTree = "<group>"; };
		D40200FB265D66F700E81B16 /* UIImage+Ext.swift */ = {isa = PBXFileReference; lastKnownFileType = sourcecode.swift; path = "UIImage+Ext.swift"; sourceTree = "<group>"; };
		D409B97B26524FBF008667C0 /* ProductManager.swift */ = {isa = PBXFileReference; lastKnownFileType = sourcecode.swift; path = ProductManager.swift; sourceTree = "<group>"; };
		D42BB304264D264700B079FE /* MyListTableViewCell.swift */ = {isa = PBXFileReference; lastKnownFileType = sourcecode.swift; path = MyListTableViewCell.swift; sourceTree = "<group>"; };
		D4332802265414FE00915F85 /* ExpiryDateViewController.swift */ = {isa = PBXFileReference; lastKnownFileType = sourcecode.swift; path = ExpiryDateViewController.swift; sourceTree = "<group>"; };
		D43328052654208E00915F85 /* ExpiryDateTableViewCell.swift */ = {isa = PBXFileReference; lastKnownFileType = sourcecode.swift; path = ExpiryDateTableViewCell.swift; sourceTree = "<group>"; };
		D4914D68265CF87200C0B266 /* ExchangeViewController.swift */ = {isa = PBXFileReference; lastKnownFileType = sourcecode.swift; path = ExchangeViewController.swift; sourceTree = "<group>"; };
		D4914D6B265CF89500C0B266 /* ExchangeTableViewCell.swift */ = {isa = PBXFileReference; lastKnownFileType = sourcecode.swift; path = ExchangeTableViewCell.swift; sourceTree = "<group>"; };
		D49A2FF9264CC52500C84BB9 /* BeautyManager.app */ = {isa = PBXFileReference; explicitFileType = wrapper.application; includeInIndex = 0; path = BeautyManager.app; sourceTree = BUILT_PRODUCTS_DIR; };
		D49A2FFC264CC52500C84BB9 /* AppDelegate.swift */ = {isa = PBXFileReference; lastKnownFileType = sourcecode.swift; path = AppDelegate.swift; sourceTree = "<group>"; };
		D49A2FFE264CC52500C84BB9 /* SceneDelegate.swift */ = {isa = PBXFileReference; lastKnownFileType = sourcecode.swift; path = SceneDelegate.swift; sourceTree = "<group>"; };
		D49A3000264CC52500C84BB9 /* MyListViewController.swift */ = {isa = PBXFileReference; lastKnownFileType = sourcecode.swift; path = MyListViewController.swift; sourceTree = "<group>"; };
		D49A3003264CC52500C84BB9 /* Base */ = {isa = PBXFileReference; lastKnownFileType = file.storyboard; name = Base; path = Base.lproj/Main.storyboard; sourceTree = "<group>"; };
		D49A3005264CC52500C84BB9 /* Assets.xcassets */ = {isa = PBXFileReference; lastKnownFileType = folder.assetcatalog; path = Assets.xcassets; sourceTree = "<group>"; };
		D49A3008264CC52500C84BB9 /* Base */ = {isa = PBXFileReference; lastKnownFileType = file.storyboard; name = Base; path = Base.lproj/LaunchScreen.storyboard; sourceTree = "<group>"; };
		D49A300A264CC52500C84BB9 /* Info.plist */ = {isa = PBXFileReference; lastKnownFileType = text.plist.xml; path = Info.plist; sourceTree = "<group>"; };
		D49A3016264CCD4400C84BB9 /* GoogleService-Info.plist */ = {isa = PBXFileReference; fileEncoding = 4; lastKnownFileType = text.plist.xml; path = "GoogleService-Info.plist"; sourceTree = "<group>"; };
		D4FB4080264E5140000AB82A /* ProductDetailViewController.swift */ = {isa = PBXFileReference; lastKnownFileType = sourcecode.swift; path = ProductDetailViewController.swift; sourceTree = "<group>"; };
		DEB9439D508EB3C6072949A8 /* Pods_BeautyManager.framework */ = {isa = PBXFileReference; explicitFileType = wrapper.framework; includeInIndex = 0; path = Pods_BeautyManager.framework; sourceTree = BUILT_PRODUCTS_DIR; };
		E6890E0E5609A43C2464D133 /* Pods-BeautyManager.release.xcconfig */ = {isa = PBXFileReference; includeInIndex = 1; lastKnownFileType = text.xcconfig; name = "Pods-BeautyManager.release.xcconfig"; path = "Target Support Files/Pods-BeautyManager/Pods-BeautyManager.release.xcconfig"; sourceTree = "<group>"; };
/* End PBXFileReference section */

/* Begin PBXFrameworksBuildPhase section */
		D49A2FF6264CC52500C84BB9 /* Frameworks */ = {
			isa = PBXFrameworksBuildPhase;
			buildActionMask = 2147483647;
			files = (
				79FC1956DB3E208A367A4808 /* Pods_BeautyManager.framework in Frameworks */,
			);
			runOnlyForDeploymentPostprocessing = 0;
		};
/* End PBXFrameworksBuildPhase section */

/* Begin PBXGroup section */
		16AA7D6BB0000921C3D2A1A4 /* Frameworks */ = {
			isa = PBXGroup;
			children = (
				DEB9439D508EB3C6072949A8 /* Pods_BeautyManager.framework */,
			);
			name = Frameworks;
			sourceTree = "<group>";
		};
		D40200FA265D66D400E81B16 /* Extension */ = {
			isa = PBXGroup;
			children = (
				D40200FB265D66F700E81B16 /* UIImage+Ext.swift */,
			);
			path = Extension;
			sourceTree = "<group>";
		};
		D4332801265414C300915F85 /* ExpiryDate */ = {
			isa = PBXGroup;
			children = (
				D4332802265414FE00915F85 /* ExpiryDateViewController.swift */,
				D43328052654208E00915F85 /* ExpiryDateTableViewCell.swift */,
			);
			path = ExpiryDate;
			sourceTree = "<group>";
		};
		D44B149E26517DC800E7366D /* Manager */ = {
			isa = PBXGroup;
			children = (
				D409B97B26524FBF008667C0 /* ProductManager.swift */,
			);
			path = Manager;
			sourceTree = "<group>";
		};
		D4914D67265CF85800C0B266 /* Exchange */ = {
			isa = PBXGroup;
			children = (
				D4914D68265CF87200C0B266 /* ExchangeViewController.swift */,
				D4914D6B265CF89500C0B266 /* ExchangeTableViewCell.swift */,
			);
			path = Exchange;
			sourceTree = "<group>";
		};
		D49A2FF0264CC52500C84BB9 = {
			isa = PBXGroup;
			children = (
				D49A2FFB264CC52500C84BB9 /* BeautyManager */,
				D49A2FFA264CC52500C84BB9 /* Products */,
				E976F321883154D630C95CD3 /* Pods */,
				16AA7D6BB0000921C3D2A1A4 /* Frameworks */,
			);
			sourceTree = "<group>";
		};
		D49A2FFA264CC52500C84BB9 /* Products */ = {
			isa = PBXGroup;
			children = (
				D49A2FF9264CC52500C84BB9 /* BeautyManager.app */,
			);
			name = Products;
			sourceTree = "<group>";
		};
		D49A2FFB264CC52500C84BB9 /* BeautyManager */ = {
			isa = PBXGroup;
			children = (
				D49A2FFC264CC52500C84BB9 /* AppDelegate.swift */,
				D49A2FFE264CC52500C84BB9 /* SceneDelegate.swift */,
				D40200FA265D66D400E81B16 /* Extension */,
				D4B94E61264D304E006EB765 /* Mylist */,
				D4FB407F264E5114000AB82A /* Product */,
				D4332801265414C300915F85 /* ExpiryDate */,
				D4914D67265CF85800C0B266 /* Exchange */,
				D44B149E26517DC800E7366D /* Manager */,
				D49A3002264CC52500C84BB9 /* Main.storyboard */,
				D49A3005264CC52500C84BB9 /* Assets.xcassets */,
				D49A3007264CC52500C84BB9 /* LaunchScreen.storyboard */,
				D49A300A264CC52500C84BB9 /* Info.plist */,
				D49A3016264CCD4400C84BB9 /* GoogleService-Info.plist */,
			);
			path = BeautyManager;
			sourceTree = "<group>";
		};
		D4B94E61264D304E006EB765 /* Mylist */ = {
			isa = PBXGroup;
			children = (
				D49A3000264CC52500C84BB9 /* MyListViewController.swift */,
				D42BB304264D264700B079FE /* MyListTableViewCell.swift */,
			);
			path = Mylist;
			sourceTree = "<group>";
		};
		D4FB407F264E5114000AB82A /* Product */ = {
			isa = PBXGroup;
			children = (
				D4FB4080264E5140000AB82A /* ProductDetailViewController.swift */,
			);
			path = Product;
			sourceTree = "<group>";
		};
		E976F321883154D630C95CD3 /* Pods */ = {
			isa = PBXGroup;
			children = (
				49BFB4C618A4DEFA0EC3DB1F /* Pods-BeautyManager.debug.xcconfig */,
				E6890E0E5609A43C2464D133 /* Pods-BeautyManager.release.xcconfig */,
			);
			path = Pods;
			sourceTree = "<group>";
		};
/* End PBXGroup section */

/* Begin PBXNativeTarget section */
		D49A2FF8264CC52500C84BB9 /* BeautyManager */ = {
			isa = PBXNativeTarget;
			buildConfigurationList = D49A300D264CC52500C84BB9 /* Build configuration list for PBXNativeTarget "BeautyManager" */;
			buildPhases = (
				9B47C64C1140693CD54DFD53 /* [CP] Check Pods Manifest.lock */,
				D49A2FF5264CC52500C84BB9 /* Sources */,
				D49A2FF6264CC52500C84BB9 /* Frameworks */,
				D49A2FF7264CC52500C84BB9 /* Resources */,
				50CE9DFAD6B83ED72311BAF6 /* [CP] Embed Pods Frameworks */,
				D455752A265FEEA200716BD8 /* SwiftLint */,
			);
			buildRules = (
			);
			dependencies = (
			);
			name = BeautyManager;
			productName = BeautyManager;
			productReference = D49A2FF9264CC52500C84BB9 /* BeautyManager.app */;
			productType = "com.apple.product-type.application";
		};
/* End PBXNativeTarget section */

/* Begin PBXProject section */
		D49A2FF1264CC52500C84BB9 /* Project object */ = {
			isa = PBXProject;
			attributes = {
				LastSwiftUpdateCheck = 1240;
				LastUpgradeCheck = 1240;
				TargetAttributes = {
					D49A2FF8264CC52500C84BB9 = {
						CreatedOnToolsVersion = 12.4;
					};
				};
			};
			buildConfigurationList = D49A2FF4264CC52500C84BB9 /* Build configuration list for PBXProject "BeautyManager" */;
			compatibilityVersion = "Xcode 9.3";
			developmentRegion = en;
			hasScannedForEncodings = 0;
			knownRegions = (
				en,
				Base,
			);
			mainGroup = D49A2FF0264CC52500C84BB9;
			productRefGroup = D49A2FFA264CC52500C84BB9 /* Products */;
			projectDirPath = "";
			projectRoot = "";
			targets = (
				D49A2FF8264CC52500C84BB9 /* BeautyManager */,
			);
		};
/* End PBXProject section */

/* Begin PBXResourcesBuildPhase section */
		D49A2FF7264CC52500C84BB9 /* Resources */ = {
			isa = PBXResourcesBuildPhase;
			buildActionMask = 2147483647;
			files = (
				D49A3009264CC52500C84BB9 /* LaunchScreen.storyboard in Resources */,
				D49A3017264CCD4400C84BB9 /* GoogleService-Info.plist in Resources */,
				D49A3006264CC52500C84BB9 /* Assets.xcassets in Resources */,
				D49A3004264CC52500C84BB9 /* Main.storyboard in Resources */,
			);
			runOnlyForDeploymentPostprocessing = 0;
		};
/* End PBXResourcesBuildPhase section */

/* Begin PBXShellScriptBuildPhase section */
		50CE9DFAD6B83ED72311BAF6 /* [CP] Embed Pods Frameworks */ = {
			isa = PBXShellScriptBuildPhase;
			buildActionMask = 2147483647;
			files = (
			);
			inputFileListPaths = (
				"${PODS_ROOT}/Target Support Files/Pods-BeautyManager/Pods-BeautyManager-frameworks-${CONFIGURATION}-input-files.xcfilelist",
			);
			name = "[CP] Embed Pods Frameworks";
			outputFileListPaths = (
				"${PODS_ROOT}/Target Support Files/Pods-BeautyManager/Pods-BeautyManager-frameworks-${CONFIGURATION}-output-files.xcfilelist",
			);
			runOnlyForDeploymentPostprocessing = 0;
			shellPath = /bin/sh;
			shellScript = "\"${PODS_ROOT}/Target Support Files/Pods-BeautyManager/Pods-BeautyManager-frameworks.sh\"\n";
			showEnvVarsInLog = 0;
		};
		9B47C64C1140693CD54DFD53 /* [CP] Check Pods Manifest.lock */ = {
			isa = PBXShellScriptBuildPhase;
			buildActionMask = 2147483647;
			files = (
			);
			inputFileListPaths = (
			);
			inputPaths = (
				"${PODS_PODFILE_DIR_PATH}/Podfile.lock",
				"${PODS_ROOT}/Manifest.lock",
			);
			name = "[CP] Check Pods Manifest.lock";
			outputFileListPaths = (
			);
			outputPaths = (
				"$(DERIVED_FILE_DIR)/Pods-BeautyManager-checkManifestLockResult.txt",
			);
			runOnlyForDeploymentPostprocessing = 0;
			shellPath = /bin/sh;
			shellScript = "diff \"${PODS_PODFILE_DIR_PATH}/Podfile.lock\" \"${PODS_ROOT}/Manifest.lock\" > /dev/null\nif [ $? != 0 ] ; then\n    # print error to STDERR\n    echo \"error: The sandbox is not in sync with the Podfile.lock. Run 'pod install' or update your CocoaPods installation.\" >&2\n    exit 1\nfi\n# This output is used by Xcode 'outputs' to avoid re-running this script phase.\necho \"SUCCESS\" > \"${SCRIPT_OUTPUT_FILE_0}\"\n";
			showEnvVarsInLog = 0;
		};
		D455752A265FEEA200716BD8 /* SwiftLint */ = {
			isa = PBXShellScriptBuildPhase;
			buildActionMask = 2147483647;
			files = (
			);
			inputFileListPaths = (
			);
			inputPaths = (
			);
			name = SwiftLint;
			outputFileListPaths = (
			);
			outputPaths = (
			);
			runOnlyForDeploymentPostprocessing = 0;
			shellPath = /bin/sh;
			shellScript = "if which \"${PODS_ROOT}/SwiftLint/swiftlint\" >/dev/null; then\n  \"${PODS_ROOT}/SwiftLint/swiftlint\"\nelse\n  echo \"warning: SwiftLint not installed, download from https://github.com/realm/SwiftLint\"\nfi\n";
		};
/* End PBXShellScriptBuildPhase section */

/* Begin PBXSourcesBuildPhase section */
		D49A2FF5264CC52500C84BB9 /* Sources */ = {
			isa = PBXSourcesBuildPhase;
			buildActionMask = 2147483647;
			files = (
				D49A3001264CC52500C84BB9 /* MyListViewController.swift in Sources */,
				D409B97C26524FBF008667C0 /* ProductManager.swift in Sources */,
				D43328062654208E00915F85 /* ExpiryDateTableViewCell.swift in Sources */,
				D4332803265414FE00915F85 /* ExpiryDateViewController.swift in Sources */,
				D4914D69265CF87200C0B266 /* ExchangeViewController.swift in Sources */,
				D42BB305264D264700B079FE /* MyListTableViewCell.swift in Sources */,
				D49A2FFD264CC52500C84BB9 /* AppDelegate.swift in Sources */,
				D4FB4081264E5140000AB82A /* ProductDetailViewController.swift in Sources */,
				D4914D6C265CF89500C0B266 /* ExchangeTableViewCell.swift in Sources */,
				D49A2FFF264CC52500C84BB9 /* SceneDelegate.swift in Sources */,
				D40200FC265D66F700E81B16 /* UIImage+Ext.swift in Sources */,
			);
			runOnlyForDeploymentPostprocessing = 0;
		};
/* End PBXSourcesBuildPhase section */

/* Begin PBXVariantGroup section */
		D49A3002264CC52500C84BB9 /* Main.storyboard */ = {
			isa = PBXVariantGroup;
			children = (
				D49A3003264CC52500C84BB9 /* Base */,
			);
			name = Main.storyboard;
			sourceTree = "<group>";
		};
		D49A3007264CC52500C84BB9 /* LaunchScreen.storyboard */ = {
			isa = PBXVariantGroup;
			children = (
				D49A3008264CC52500C84BB9 /* Base */,
			);
			name = LaunchScreen.storyboard;
			sourceTree = "<group>";
		};
/* End PBXVariantGroup section */

/* Begin XCBuildConfiguration section */
		D49A300B264CC52500C84BB9 /* Debug */ = {
			isa = XCBuildConfiguration;
			buildSettings = {
				ALWAYS_SEARCH_USER_PATHS = NO;
				CLANG_ANALYZER_NONNULL = YES;
				CLANG_ANALYZER_NUMBER_OBJECT_CONVERSION = YES_AGGRESSIVE;
				CLANG_CXX_LANGUAGE_STANDARD = "gnu++14";
				CLANG_CXX_LIBRARY = "libc++";
				CLANG_ENABLE_MODULES = YES;
				CLANG_ENABLE_OBJC_ARC = YES;
				CLANG_ENABLE_OBJC_WEAK = YES;
				CLANG_WARN_BLOCK_CAPTURE_AUTORELEASING = YES;
				CLANG_WARN_BOOL_CONVERSION = YES;
				CLANG_WARN_COMMA = YES;
				CLANG_WARN_CONSTANT_CONVERSION = YES;
				CLANG_WARN_DEPRECATED_OBJC_IMPLEMENTATIONS = YES;
				CLANG_WARN_DIRECT_OBJC_ISA_USAGE = YES_ERROR;
				CLANG_WARN_DOCUMENTATION_COMMENTS = YES;
				CLANG_WARN_EMPTY_BODY = YES;
				CLANG_WARN_ENUM_CONVERSION = YES;
				CLANG_WARN_INFINITE_RECURSION = YES;
				CLANG_WARN_INT_CONVERSION = YES;
				CLANG_WARN_NON_LITERAL_NULL_CONVERSION = YES;
				CLANG_WARN_OBJC_IMPLICIT_RETAIN_SELF = YES;
				CLANG_WARN_OBJC_LITERAL_CONVERSION = YES;
				CLANG_WARN_OBJC_ROOT_CLASS = YES_ERROR;
				CLANG_WARN_QUOTED_INCLUDE_IN_FRAMEWORK_HEADER = YES;
				CLANG_WARN_RANGE_LOOP_ANALYSIS = YES;
				CLANG_WARN_STRICT_PROTOTYPES = YES;
				CLANG_WARN_SUSPICIOUS_MOVE = YES;
				CLANG_WARN_UNGUARDED_AVAILABILITY = YES_AGGRESSIVE;
				CLANG_WARN_UNREACHABLE_CODE = YES;
				CLANG_WARN__DUPLICATE_METHOD_MATCH = YES;
				COPY_PHASE_STRIP = NO;
				DEBUG_INFORMATION_FORMAT = dwarf;
				ENABLE_STRICT_OBJC_MSGSEND = YES;
				ENABLE_TESTABILITY = YES;
				GCC_C_LANGUAGE_STANDARD = gnu11;
				GCC_DYNAMIC_NO_PIC = NO;
				GCC_NO_COMMON_BLOCKS = YES;
				GCC_OPTIMIZATION_LEVEL = 0;
				GCC_PREPROCESSOR_DEFINITIONS = (
					"DEBUG=1",
					"$(inherited)",
				);
				GCC_WARN_64_TO_32_BIT_CONVERSION = YES;
				GCC_WARN_ABOUT_RETURN_TYPE = YES_ERROR;
				GCC_WARN_UNDECLARED_SELECTOR = YES;
				GCC_WARN_UNINITIALIZED_AUTOS = YES_AGGRESSIVE;
				GCC_WARN_UNUSED_FUNCTION = YES;
				GCC_WARN_UNUSED_VARIABLE = YES;
				IPHONEOS_DEPLOYMENT_TARGET = 14.4;
				MTL_ENABLE_DEBUG_INFO = INCLUDE_SOURCE;
				MTL_FAST_MATH = YES;
				ONLY_ACTIVE_ARCH = YES;
				SDKROOT = iphoneos;
				SWIFT_ACTIVE_COMPILATION_CONDITIONS = DEBUG;
				SWIFT_OPTIMIZATION_LEVEL = "-Onone";
			};
			name = Debug;
		};
		D49A300C264CC52500C84BB9 /* Release */ = {
			isa = XCBuildConfiguration;
			buildSettings = {
				ALWAYS_SEARCH_USER_PATHS = NO;
				CLANG_ANALYZER_NONNULL = YES;
				CLANG_ANALYZER_NUMBER_OBJECT_CONVERSION = YES_AGGRESSIVE;
				CLANG_CXX_LANGUAGE_STANDARD = "gnu++14";
				CLANG_CXX_LIBRARY = "libc++";
				CLANG_ENABLE_MODULES = YES;
				CLANG_ENABLE_OBJC_ARC = YES;
				CLANG_ENABLE_OBJC_WEAK = YES;
				CLANG_WARN_BLOCK_CAPTURE_AUTORELEASING = YES;
				CLANG_WARN_BOOL_CONVERSION = YES;
				CLANG_WARN_COMMA = YES;
				CLANG_WARN_CONSTANT_CONVERSION = YES;
				CLANG_WARN_DEPRECATED_OBJC_IMPLEMENTATIONS = YES;
				CLANG_WARN_DIRECT_OBJC_ISA_USAGE = YES_ERROR;
				CLANG_WARN_DOCUMENTATION_COMMENTS = YES;
				CLANG_WARN_EMPTY_BODY = YES;
				CLANG_WARN_ENUM_CONVERSION = YES;
				CLANG_WARN_INFINITE_RECURSION = YES;
				CLANG_WARN_INT_CONVERSION = YES;
				CLANG_WARN_NON_LITERAL_NULL_CONVERSION = YES;
				CLANG_WARN_OBJC_IMPLICIT_RETAIN_SELF = YES;
				CLANG_WARN_OBJC_LITERAL_CONVERSION = YES;
				CLANG_WARN_OBJC_ROOT_CLASS = YES_ERROR;
				CLANG_WARN_QUOTED_INCLUDE_IN_FRAMEWORK_HEADER = YES;
				CLANG_WARN_RANGE_LOOP_ANALYSIS = YES;
				CLANG_WARN_STRICT_PROTOTYPES = YES;
				CLANG_WARN_SUSPICIOUS_MOVE = YES;
				CLANG_WARN_UNGUARDED_AVAILABILITY = YES_AGGRESSIVE;
				CLANG_WARN_UNREACHABLE_CODE = YES;
				CLANG_WARN__DUPLICATE_METHOD_MATCH = YES;
				COPY_PHASE_STRIP = NO;
				DEBUG_INFORMATION_FORMAT = "dwarf-with-dsym";
				ENABLE_NS_ASSERTIONS = NO;
				ENABLE_STRICT_OBJC_MSGSEND = YES;
				GCC_C_LANGUAGE_STANDARD = gnu11;
				GCC_NO_COMMON_BLOCKS = YES;
				GCC_WARN_64_TO_32_BIT_CONVERSION = YES;
				GCC_WARN_ABOUT_RETURN_TYPE = YES_ERROR;
				GCC_WARN_UNDECLARED_SELECTOR = YES;
				GCC_WARN_UNINITIALIZED_AUTOS = YES_AGGRESSIVE;
				GCC_WARN_UNUSED_FUNCTION = YES;
				GCC_WARN_UNUSED_VARIABLE = YES;
				IPHONEOS_DEPLOYMENT_TARGET = 14.4;
				MTL_ENABLE_DEBUG_INFO = NO;
				MTL_FAST_MATH = YES;
				SDKROOT = iphoneos;
				SWIFT_COMPILATION_MODE = wholemodule;
				SWIFT_OPTIMIZATION_LEVEL = "-O";
				VALIDATE_PRODUCT = YES;
			};
			name = Release;
		};
		D49A300E264CC52500C84BB9 /* Debug */ = {
			isa = XCBuildConfiguration;
			baseConfigurationReference = 49BFB4C618A4DEFA0EC3DB1F /* Pods-BeautyManager.debug.xcconfig */;
			buildSettings = {
				ASSETCATALOG_COMPILER_APPICON_NAME = AppIcon;
				ASSETCATALOG_COMPILER_GLOBAL_ACCENT_COLOR_NAME = AccentColor;
				CODE_SIGN_IDENTITY = "Apple Development";
				CODE_SIGN_STYLE = Automatic;
				DEVELOPMENT_TEAM = "";
				INFOPLIST_FILE = BeautyManager/Info.plist;
				LD_RUNPATH_SEARCH_PATHS = (
					"$(inherited)",
					"@executable_path/Frameworks",
				);
				PRODUCT_BUNDLE_IDENTIFIER = Swift.BeautyManager;
				PRODUCT_NAME = "$(TARGET_NAME)";
				PROVISIONING_PROFILE_SPECIFIER = "";
				SWIFT_VERSION = 5.0;
				TARGETED_DEVICE_FAMILY = "1,2";
			};
			name = Debug;
		};
		D49A300F264CC52500C84BB9 /* Release */ = {
			isa = XCBuildConfiguration;
			baseConfigurationReference = E6890E0E5609A43C2464D133 /* Pods-BeautyManager.release.xcconfig */;
			buildSettings = {
				ASSETCATALOG_COMPILER_APPICON_NAME = AppIcon;
				ASSETCATALOG_COMPILER_GLOBAL_ACCENT_COLOR_NAME = AccentColor;
				CODE_SIGN_IDENTITY = "Apple Development";
				CODE_SIGN_STYLE = Automatic;
				DEVELOPMENT_TEAM = "";
				INFOPLIST_FILE = BeautyManager/Info.plist;
				LD_RUNPATH_SEARCH_PATHS = (
					"$(inherited)",
					"@executable_path/Frameworks",
				);
				PRODUCT_BUNDLE_IDENTIFIER = Swift.BeautyManager;
				PRODUCT_NAME = "$(TARGET_NAME)";
				PROVISIONING_PROFILE_SPECIFIER = "";
				SWIFT_VERSION = 5.0;
				TARGETED_DEVICE_FAMILY = "1,2";
			};
			name = Release;
		};
/* End XCBuildConfiguration section */

/* Begin XCConfigurationList section */
		D49A2FF4264CC52500C84BB9 /* Build configuration list for PBXProject "BeautyManager" */ = {
			isa = XCConfigurationList;
			buildConfigurations = (
				D49A300B264CC52500C84BB9 /* Debug */,
				D49A300C264CC52500C84BB9 /* Release */,
			);
			defaultConfigurationIsVisible = 0;
			defaultConfigurationName = Release;
		};
		D49A300D264CC52500C84BB9 /* Build configuration list for PBXNativeTarget "BeautyManager" */ = {
			isa = XCConfigurationList;
			buildConfigurations = (
				D49A300E264CC52500C84BB9 /* Debug */,
				D49A300F264CC52500C84BB9 /* Release */,
			);
			defaultConfigurationIsVisible = 0;
			defaultConfigurationName = Release;
		};
/* End XCConfigurationList section */
	};
	rootObject = D49A2FF1264CC52500C84BB9 /* Project object */;
}
